
Microsoft Visual Studio Solution File, Format Version 12.00
# Visual Studio Version 17
VisualStudioVersion = 17.5.33516.290
MinimumVisualStudioVersion = 10.0.40219.1
Project("{FAE04EC0-301F-11D3-BF4B-00C04F79EFBC}") = "A2TuyetMaiPham", "A2TuyetMaiPham\A2TuyetMaiPham.csproj", "{6BB93E5F-82B0-4AA1-9694-3D24D105A49F}"
EndProject
Global
	GlobalSection(SolutionConfigurationPlatforms) = preSolution
		Debug|Any CPU = Debug|Any CPU
		Release|Any CPU = Release|Any CPU
	EndGlobalSection
	GlobalSection(ProjectConfigurationPlatforms) = postSolution
		{6BB93E5F-82B0-4AA1-9694-3D24D105A49F}.Debug|Any CPU.ActiveCfg = Debug|Any CPU
		{6BB93E5F-82B0-4AA1-9694-3D24D105A49F}.Debug|Any CPU.Build.0 = Debug|Any CPU
		{6BB93E5F-82B0-4AA1-9694-3D24D105A49F}.Release|Any CPU.ActiveCfg = Release|Any CPU
		{6BB93E5F-82B0-4AA1-9694-3D24D105A49F}.Release|Any CPU.Build.0 = Release|Any CPU
	EndGlobalSection
	GlobalSection(SolutionProperties) = preSolution
		HideSolutionNode = FALSE
	EndGlobalSection
	GlobalSection(ExtensibilityGlobals) = postSolution
		SolutionGuid = {9527BC78-8672-48E2-8F2E-CE64F8A66319}
	EndGlobalSection
EndGlobal
